
Microsoft Visual Studio Solution File, Format Version 12.00
# Visual Studio 15
VisualStudioVersion = 15.0.27703.2026
MinimumVisualStudioVersion = 10.0.40219.1
Project("{9A19103F-16F7-4668-BE54-9A1E7A4F7556}") = "WebSiteCore", "WebSiteCore.csproj", "{8A34A006-32F4-4E6A-AF6A-09525BAE49EE}"
EndProject
Global
	GlobalSection(SolutionConfigurationPlatforms) = preSolution
		Debug|Any CPU = Debug|Any CPU
		Release|Any CPU = Release|Any CPU
	EndGlobalSection
	GlobalSection(ProjectConfigurationPlatforms) = postSolution
		{8A34A006-32F4-4E6A-AF6A-09525BAE49EE}.Debug|Any CPU.ActiveCfg = Debug|Any CPU
		{8A34A006-32F4-4E6A-AF6A-09525BAE49EE}.Debug|Any CPU.Build.0 = Debug|Any CPU
		{8A34A006-32F4-4E6A-AF6A-09525BAE49EE}.Release|Any CPU.ActiveCfg = Release|Any CPU
		{8A34A006-32F4-4E6A-AF6A-09525BAE49EE}.Release|Any CPU.Build.0 = Release|Any CPU
	EndGlobalSection
	GlobalSection(SolutionProperties) = preSolution
		HideSolutionNode = FALSE
	EndGlobalSection
	GlobalSection(ExtensibilityGlobals) = postSolution
		SolutionGuid = {74B279B9-A829-44A3-9D04-E8334997276C}
	EndGlobalSection
EndGlobal
